
Microsoft Visual Studio Solution File, Format Version 12.00
# Visual Studio Version 16
VisualStudioVersion = 16.0.31624.102
MinimumVisualStudioVersion = 10.0.40219.1
Project("{FAE04EC0-301F-11D3-BF4B-00C04F79EFBC}") = "LR1", "LR1\LR1.csproj", "{A7FE7F80-BE82-4A24-8329-CAD13A7D529C}"
EndProject
Global
	GlobalSection(SolutionConfigurationPlatforms) = preSolution
		Debug|Any CPU = Debug|Any CPU
		Release|Any CPU = Release|Any CPU
	EndGlobalSection
	GlobalSection(ProjectConfigurationPlatforms) = postSolution
		{A7FE7F80-BE82-4A24-8329-CAD13A7D529C}.Debug|Any CPU.ActiveCfg = Debug|Any CPU
		{A7FE7F80-BE82-4A24-8329-CAD13A7D529C}.Debug|Any CPU.Build.0 = Debug|Any CPU
		{A7FE7F80-BE82-4A24-8329-CAD13A7D529C}.Release|Any CPU.ActiveCfg = Release|Any CPU
		{A7FE7F80-BE82-4A24-8329-CAD13A7D529C}.Release|Any CPU.Build.0 = Release|Any CPU
	EndGlobalSection
	GlobalSection(SolutionProperties) = preSolution
		HideSolutionNode = FALSE
	EndGlobalSection
	GlobalSection(ExtensibilityGlobals) = postSolution
		SolutionGuid = {EB9E36A2-3563-40B0-99E1-341A7CC40D11}
	EndGlobalSection
EndGlobal
